{
  "requires": true,
  "lockfileVersion": 1,
  "dependencies": {
    "formik-material-ui": {
      "version": "2.0.0-beta.1",
      "resolved": "https://registry.npmjs.org/formik-material-ui/-/formik-material-ui-2.0.0-beta.1.tgz",
      "integrity": "sha512-Zt2pHQzaU2f9reXLS0E85ddeU8aFFtVJV42IPfVdC3lLY+kf+PUdzSiyCHFbRFVniG7SGisEoOwOZFMpkA85Qw=="
    }
  }
}
